// !$*UTF8*$!
{
	archiveVersion = 1;
	classes = {
	};
	objectVersion = 46;
	objects = {

/* Begin PBXBuildFile section */
		2570C6EF1F3CAFBD00A9CFFE /* AppDelegate.swift in Sources */ = {isa = PBXBuildFile; fileRef = 2570C6EE1F3CAFBD00A9CFFE /* AppDelegate.swift */; };
		2570C6F11F3CAFBD00A9CFFE /* ViewController.swift in Sources */ = {isa = PBXBuildFile; fileRef = 2570C6F01F3CAFBD00A9CFFE /* ViewController.swift */; };
		2570C6F41F3CAFBD00A9CFFE /* Main.storyboard in Resources */ = {isa = PBXBuildFile; fileRef = 2570C6F21F3CAFBD00A9CFFE /* Main.storyboard */; };
		2570C6F61F3CAFBD00A9CFFE /* Assets.xcassets in Resources */ = {isa = PBXBuildFile; fileRef = 2570C6F51F3CAFBD00A9CFFE /* Assets.xcassets */; };
		2570C6F91F3CAFBD00A9CFFE /* LaunchScreen.storyboard in Resources */ = {isa = PBXBuildFile; fileRef = 2570C6F71F3CAFBD00A9CFFE /* LaunchScreen.storyboard */; };
/* End PBXBuildFile section */

/* Begin PBXFileReference section */
		2570C6EB1F3CAFBD00A9CFFE /* ToDo.app */ = {isa = PBXFileReference; explicitFileType = wrapper.application; includeInIndex = 0; path = ToDo.app; sourceTree = BUILT_PRODUCTS_DIR; };
		2570C6EE1F3CAFBD00A9CFFE /* AppDelegate.swift */ = {isa = PBXFileReference; lastKnownFileType = sourcecode.swift; path = AppDelegate.swift; sourceTree = "<group>"; };
		2570C6F01F3CAFBD00A9CFFE /* ViewController.swift */ = {isa = PBXFileReference; lastKnownFileType = sourcecode.swift; path = ViewController.swift; sourceTree = "<group>"; };
		2570C6F31F3CAFBD00A9CFFE /* Base */ = {isa = PBXFileReference; lastKnownFileType = file.storyboard; name = Base; path = Base.lproj/Main.storyboard; sourceTree = "<group>"; };
		2570C6F51F3CAFBD00A9CFFE /* Assets.xcassets */ = {isa = PBXFileReference; lastKnownFileType = folder.assetcatalog; path = Assets.xcassets; sourceTree = "<group>"; };
		2570C6F81F3CAFBD00A9CFFE /* Base */ = {isa = PBXFileReference; lastKnownFileType = file.storyboard; name = Base; path = Base.lproj/LaunchScreen.storyboard; sourceTree = "<group>"; };
		2570C6FA1F3CAFBD00A9CFFE /* Info.plist */ = {isa = PBXFileReference; lastKnownFileType = text.plist.xml; path = Info.plist; sourceTree = "<group>"; };
/* End PBXFileReference section */

/* Begin PBXFrameworksBuildPhase section */
		2570C6E81F3CAFBD00A9CFFE /* Frameworks */ = {
			isa = PBXFrameworksBuildPhase;
			buildActionMask = 2147483647;
			files = (
			);
			runOnlyForDeploymentPostprocessing = 0;
		};
/* End PBXFrameworksBuildPhase section */

/* Begin PBXGroup section */
		2570C6E21F3CAFBD00A9CFFE = {
			isa = PBXGroup;
			children = (
				2570C6ED1F3CAFBD00A9CFFE /* ToDo */,
				2570C6EC1F3CAFBD00A9CFFE /* Products */,
			);
			sourceTree = "<group>";
		};
		2570C6EC1F3CAFBD00A9CFFE /* Products */ = {
			isa = PBXGroup;
			children = (
				2570C6EB1F3CAFBD00A9CFFE /* ToDo.app */,
			);
			name = Products;
			sourceTree = "<group>";
		};
		2570C6ED1F3CAFBD00A9CFFE /* ToDo */ = {
			isa = PBXGroup;
			children = (
				2570C6EE1F3CAFBD00A9CFFE /* AppDelegate.swift */,
				2570C6F01F3CAFBD00A9CFFE /* ViewController.swift */,
				2570C6F21F3CAFBD00A9CFFE /* Main.storyboard */,
				2570C6F51F3CAFBD00A9CFFE /* Assets.xcassets */,
				2570C6F71F3CAFBD00A9CFFE /* LaunchScreen.storyboard */,
				2570C6FA1F3CAFBD00A9CFFE /* Info.plist */,
			);
			path = ToDo;
			sourceTree = "<group>";
		};
/* End PBXGroup section */

/* Begin PBXNativeTarget section */
		2570C6EA1F3CAFBD00A9CFFE /* ToDo */ = {
			isa = PBXNativeTarget;
			buildConfigurationList = 2570C6FD1F3CAFBD00A9CFFE /* Build configuration list for PBXNativeTarget "ToDo" */;
			buildPhases = (
				2570C6E71F3CAFBD00A9CFFE /* Sources */,
				2570C6E81F3CAFBD00A9CFFE /* Frameworks */,
				2570C6E91F3CAFBD00A9CFFE /* Resources */,
			);
			buildRules = (
			);
			dependencies = (
			);
			name = ToDo;
			productName = ToDo;
			productReference = 2570C6EB1F3CAFBD00A9CFFE /* ToDo.app */;
			productType = "com.apple.product-type.application";
		};
/* End PBXNativeTarget section */

/* Begin PBXProject section */
		2570C6E31F3CAFBD00A9CFFE /* Project object */ = {
			isa = PBXProject;
			attributes = {
				LastSwiftUpdateCheck = 0830;
				LastUpgradeCheck = 0830;
				ORGANIZATIONNAME = TrishCode;
				TargetAttributes = {
					2570C6EA1F3CAFBD00A9CFFE = {
						CreatedOnToolsVersion = 8.3.3;
						DevelopmentTeam = CLTYD6RLE7;
						ProvisioningStyle = Automatic;
					};
				};
			};
			buildConfigurationList = 2570C6E61F3CAFBD00A9CFFE /* Build configuration list for PBXProject "ToDo" */;
			compatibilityVersion = "Xcode 3.2";
			developmentRegion = English;
			hasScannedForEncodings = 0;
			knownRegions = (
				en,
				Base,
			);
			mainGroup = 2570C6E21F3CAFBD00A9CFFE;
			productRefGroup = 2570C6EC1F3CAFBD00A9CFFE /* Products */;
			projectDirPath = "";
			projectRoot = "";
			targets = (
				2570C6EA1F3CAFBD00A9CFFE /* ToDo */,
			);
		};
/* End PBXProject section */

/* Begin PBXResourcesBuildPhase section */
		2570C6E91F3CAFBD00A9CFFE /* Resources */ = {
			isa = PBXResourcesBuildPhase;
			buildActionMask = 2147483647;
			files = (
				2570C6F91F3CAFBD00A9CFFE /* LaunchScreen.storyboard in Resources */,
				2570C6F61F3CAFBD00A9CFFE /* Assets.xcassets in Resources */,
				2570C6F41F3CAFBD00A9CFFE /* Main.storyboard in Resources */,
			);
			runOnlyForDeploymentPostprocessing = 0;
		};
/* End PBXResourcesBuildPhase section */

/* Begin PBXSourcesBuildPhase section */
		2570C6E71F3CAFBD00A9CFFE /* Sources */ = {
			isa = PBXSourcesBuildPhase;
			buildActionMask = 2147483647;
			files = (
				2570C6F11F3CAFBD00A9CFFE /* ViewController.swift in Sources */,
				2570C6EF1F3CAFBD00A9CFFE /* AppDelegate.swift in Sources */,
			);
			runOnlyForDeploymentPostprocessing = 0;
		};
/* End PBXSourcesBuildPhase section */

/* Begin PBXVariantGroup section */
		2570C6F21F3CAFBD00A9CFFE /* Main.storyboard */ = {
			isa = PBXVariantGroup;
			children = (
				2570C6F31F3CAFBD00A9CFFE /* Base */,
			);
			name = Main.storyboard;
			sourceTree = "<group>";
		};
		2570C6F71F3CAFBD00A9CFFE /* LaunchScreen.storyboard */ = {
			isa = PBXVariantGroup;
			children = (
				2570C6F81F3CAFBD00A9CFFE /* Base */,
			);
			name = LaunchScreen.storyboard;
			sourceTree = "<group>";
		};
/* End PBXVariantGroup section */

/* Begin XCBuildConfiguration section */
		2570C6FB1F3CAFBD00A9CFFE /* Debug */ = {
			isa = XCBuildConfiguration;
			buildSettings = {
				ALWAYS_SEARCH_USER_PATHS = NO;
				CLANG_ANALYZER_NONNULL = YES;
				CLANG_ANALYZER_NUMBER_OBJECT_CONVERSION = YES_AGGRESSIVE;
				CLANG_CXX_LANGUAGE_STANDARD = "gnu++0x";
				CLANG_CXX_LIBRARY = "libc++";
				CLANG_ENABLE_MODULES = YES;
				CLANG_ENABLE_OBJC_ARC = YES;
				CLANG_WARN_BOOL_CONVERSION = YES;
				CLANG_WARN_CONSTANT_CONVERSION = YES;
				CLANG_WARN_DIRECT_OBJC_ISA_USAGE = YES_ERROR;
				CLANG_WARN_DOCUMENTATION_COMMENTS = YES;
				CLANG_WARN_EMPTY_BODY = YES;
				CLANG_WARN_ENUM_CONVERSION = YES;
				CLANG_WARN_INFINITE_RECURSION = YES;
				CLANG_WARN_INT_CONVERSION = YES;
				CLANG_WARN_OBJC_ROOT_CLASS = YES_ERROR;
				CLANG_WARN_SUSPICIOUS_MOVE = YES;
				CLANG_WARN_UNREACHABLE_CODE = YES;
				CLANG_WARN__DUPLICATE_METHOD_MATCH = YES;
				"CODE_SIGN_IDENTITY[sdk=iphoneos*]" = "iPhone Developer";
				COPY_PHASE_STRIP = NO;
				DEBUG_INFORMATION_FORMAT = dwarf;
				ENABLE_STRICT_OBJC_MSGSEND = YES;
				ENABLE_TESTABILITY = YES;
				GCC_C_LANGUAGE_STANDARD = gnu99;
				GCC_DYNAMIC_NO_PIC = NO;
				GCC_NO_COMMON_BLOCKS = YES;
				GCC_OPTIMIZATION_LEVEL = 0;
				GCC_PREPROCESSOR_DEFINITIONS = (
					"DEBUG=1",
					"$(inherited)",
				);
				GCC_WARN_64_TO_32_BIT_CONVERSION = YES;
				GCC_WARN_ABOUT_RETURN_TYPE = YES_ERROR;
				GCC_WARN_UNDECLARED_SELECTOR = YES;
				GCC_WARN_UNINITIALIZED_AUTOS = YES_AGGRESSIVE;
				GCC_WARN_UNUSED_FUNCTION = YES;
				GCC_WARN_UNUSED_VARIABLE = YES;
				IPHONEOS_DEPLOYMENT_TARGET = 10.3;
				MTL_ENABLE_DEBUG_INFO = YES;
				ONLY_ACTIVE_ARCH = YES;
				SDKROOT = iphoneos;
				SWIFT_ACTIVE_COMPILATION_CONDITIONS = DEBUG;
				SWIFT_OPTIMIZATION_LEVEL = "-Onone";
			};
			name = Debug;
		};
		2570C6FC1F3CAFBD00A9CFFE /* Release */ = {
			isa = XCBuildConfiguration;
			buildSettings = {
				ALWAYS_SEARCH_USER_PATHS = NO;
				CLANG_ANALYZER_NONNULL = YES;
				CLANG_ANALYZER_NUMBER_OBJECT_CONVERSION = YES_AGGRESSIVE;
				CLANG_CXX_LANGUAGE_STANDARD = "gnu++0x";
				CLANG_CXX_LIBRARY = "libc++";
				CLANG_ENABLE_MODULES = YES;
				CLANG_ENABLE_OBJC_ARC = YES;
				CLANG_WARN_BOOL_CONVERSION = YES;
				CLANG_WARN_CONSTANT_CONVERSION = YES;
				CLANG_WARN_DIRECT_OBJC_ISA_USAGE = YES_ERROR;
				CLANG_WARN_DOCUMENTATION_COMMENTS = YES;
				CLANG_WARN_EMPTY_BODY = YES;
				CLANG_WARN_ENUM_CONVERSION = YES;
				CLANG_WARN_INFINITE_RECURSION = YES;
				CLANG_WARN_INT_CONVERSION = YES;
				CLANG_WARN_OBJC_ROOT_CLASS = YES_ERROR;
				CLANG_WARN_SUSPICIOUS_MOVE = YES;
				CLANG_WARN_UNREACHABLE_CODE = YES;
				CLANG_WARN__DUPLICATE_METHOD_MATCH = YES;
				"CODE_SIGN_IDENTITY[sdk=iphoneos*]" = "iPhone Developer";
				COPY_PHASE_STRIP = NO;
				DEBUG_INFORMATION_FORMAT = "dwarf-with-dsym";
				ENABLE_NS_ASSERTIONS = NO;
				ENABLE_STRICT_OBJC_MSGSEND = YES;
				GCC_C_LANGUAGE_STANDARD = gnu99;
				GCC_NO_COMMON_BLOCKS = YES;
				GCC_WARN_64_TO_32_BIT_CONVERSION = YES;
				GCC_WARN_ABOUT_RETURN_TYPE = YES_ERROR;
				GCC_WARN_UNDECLARED_SELECTOR = YES;
				GCC_WARN_UNINITIALIZED_AUTOS = YES_AGGRESSIVE;
				GCC_WARN_UNUSED_FUNCTION = YES;
				GCC_WARN_UNUSED_VARIABLE = YES;
				IPHONEOS_DEPLOYMENT_TARGET = 10.3;
				MTL_ENABLE_DEBUG_INFO = NO;
				SDKROOT = iphoneos;
				SWIFT_OPTIMIZATION_LEVEL = "-Owholemodule";
				VALIDATE_PRODUCT = YES;
			};
			name = Release;
		};
		2570C6FE1F3CAFBD00A9CFFE /* Debug */ = {
			isa = XCBuildConfiguration;
			buildSettings = {
				ASSETCATALOG_COMPILER_APPICON_NAME = AppIcon;
				DEVELOPMENT_TEAM = CLTYD6RLE7;
				INFOPLIST_FILE = ToDo/Info.plist;
				LD_RUNPATH_SEARCH_PATHS = "$(inherited) @executable_path/Frameworks";
				PRODUCT_BUNDLE_IDENTIFIER = com.trishcode.ToDo;
				PRODUCT_NAME = "$(TARGET_NAME)";
				SWIFT_VERSION = 3.0;
			};
			name = Debug;
		};
		2570C6FF1F3CAFBD00A9CFFE /* Release */ = {
			isa = XCBuildConfiguration;
			buildSettings = {
				ASSETCATALOG_COMPILER_APPICON_NAME = AppIcon;
				DEVELOPMENT_TEAM = CLTYD6RLE7;
				INFOPLIST_FILE = ToDo/Info.plist;
				LD_RUNPATH_SEARCH_PATHS = "$(inherited) @executable_path/Frameworks";
				PRODUCT_BUNDLE_IDENTIFIER = com.trishcode.ToDo;
				PRODUCT_NAME = "$(TARGET_NAME)";
				SWIFT_VERSION = 3.0;
			};
			name = Release;
		};
/* End XCBuildConfiguration section */

/* Begin XCConfigurationList section */
		2570C6E61F3CAFBD00A9CFFE /* Build configuration list for PBXProject "ToDo" */ = {
			isa = XCConfigurationList;
			buildConfigurations = (
				2570C6FB1F3CAFBD00A9CFFE /* Debug */,
				2570C6FC1F3CAFBD00A9CFFE /* Release */,
			);
			defaultConfigurationIsVisible = 0;
			defaultConfigurationName = Release;
		};
		2570C6FD1F3CAFBD00A9CFFE /* Build configuration list for PBXNativeTarget "ToDo" */ = {
			isa = XCConfigurationList;
			buildConfigurations = (
				2570C6FE1F3CAFBD00A9CFFE /* Debug */,
				2570C6FF1F3CAFBD00A9CFFE /* Release */,
			);
			defaultConfigurationIsVisible = 0;
		};
/* End XCConfigurationList section */
	};
	rootObject = 2570C6E31F3CAFBD00A9CFFE /* Project object */;
}
